// !$*UTF8*$!
{
	archiveVersion = 1;
	classes = {
	};
	objectVersion = 56;
	objects = {

/* Begin PBXBuildFile section */
		1908E6772AACA46F0024B464 /* BookBarcodeList.swift in Sources */ = {isa = PBXBuildFile; fileRef = 1908E6762AACA46F0024B464 /* BookBarcodeList.swift */; };
		1908E67B2AACB52B0024B464 /* ModelData.swift in Sources */ = {isa = PBXBuildFile; fileRef = 1908E67A2AACB52B0024B464 /* ModelData.swift */; };
		191D827C2AAC5EE700EF2672 /* MyBookBarcodeReaderApp.swift in Sources */ = {isa = PBXBuildFile; fileRef = 191D827B2AAC5EE700EF2672 /* MyBookBarcodeReaderApp.swift */; };
		191D827E2AAC5EE700EF2672 /* ContentView.swift in Sources */ = {isa = PBXBuildFile; fileRef = 191D827D2AAC5EE700EF2672 /* ContentView.swift */; };
		191D82802AAC5EE800EF2672 /* Assets.xcassets in Resources */ = {isa = PBXBuildFile; fileRef = 191D827F2AAC5EE800EF2672 /* Assets.xcassets */; };
		191D82832AAC5EE800EF2672 /* Preview Assets.xcassets in Resources */ = {isa = PBXBuildFile; fileRef = 191D82822AAC5EE800EF2672 /* Preview Assets.xcassets */; };
		191D82922AAC864400EF2672 /* CodeScanner in Frameworks */ = {isa = PBXBuildFile; productRef = 191D82912AAC864400EF2672 /* CodeScanner */; };
		19343DB72AAC9B34000E41F2 /* BookBarcode.swift in Sources */ = {isa = PBXBuildFile; fileRef = 19343DB62AAC9B34000E41F2 /* BookBarcode.swift */; };
		19343DBB2AAC9C83000E41F2 /* BookBarcodeRow.swift in Sources */ = {isa = PBXBuildFile; fileRef = 19343DBA2AAC9C83000E41F2 /* BookBarcodeRow.swift */; };
		19B8C63E2AB1CA16008FD688 /* BookBarcodeStore.swift in Sources */ = {isa = PBXBuildFile; fileRef = 19B8C63D2AB1CA16008FD688 /* BookBarcodeStore.swift */; };
/* End PBXBuildFile section */

/* Begin PBXFileReference section */
		1908E6762AACA46F0024B464 /* BookBarcodeList.swift */ = {isa = PBXFileReference; lastKnownFileType = sourcecode.swift; path = BookBarcodeList.swift; sourceTree = "<group>"; };
		1908E67A2AACB52B0024B464 /* ModelData.swift */ = {isa = PBXFileReference; fileEncoding = 4; lastKnownFileType = sourcecode.swift; path = ModelData.swift; sourceTree = "<group>"; };
		191D82782AAC5EE700EF2672 /* MyBookBarcodeReader.app */ = {isa = PBXFileReference; explicitFileType = wrapper.application; includeInIndex = 0; path = MyBookBarcodeReader.app; sourceTree = BUILT_PRODUCTS_DIR; };
		191D827B2AAC5EE700EF2672 /* MyBookBarcodeReaderApp.swift */ = {isa = PBXFileReference; lastKnownFileType = sourcecode.swift; path = MyBookBarcodeReaderApp.swift; sourceTree = "<group>"; };
		191D827D2AAC5EE700EF2672 /* ContentView.swift */ = {isa = PBXFileReference; lastKnownFileType = sourcecode.swift; path = ContentView.swift; sourceTree = "<group>"; };
		191D827F2AAC5EE800EF2672 /* Assets.xcassets */ = {isa = PBXFileReference; lastKnownFileType = folder.assetcatalog; path = Assets.xcassets; sourceTree = "<group>"; };
		191D82822AAC5EE800EF2672 /* Preview Assets.xcassets */ = {isa = PBXFileReference; lastKnownFileType = folder.assetcatalog; path = "Preview Assets.xcassets"; sourceTree = "<group>"; };
		19343DB62AAC9B34000E41F2 /* BookBarcode.swift */ = {isa = PBXFileReference; lastKnownFileType = sourcecode.swift; path = BookBarcode.swift; sourceTree = "<group>"; };
		19343DBA2AAC9C83000E41F2 /* BookBarcodeRow.swift */ = {isa = PBXFileReference; lastKnownFileType = sourcecode.swift; path = BookBarcodeRow.swift; sourceTree = "<group>"; };
		19B8C63D2AB1CA16008FD688 /* BookBarcodeStore.swift */ = {isa = PBXFileReference; lastKnownFileType = sourcecode.swift; path = BookBarcodeStore.swift; sourceTree = "<group>"; };
/* End PBXFileReference section */

/* Begin PBXFrameworksBuildPhase section */
		191D82752AAC5EE700EF2672 /* Frameworks */ = {
			isa = PBXFrameworksBuildPhase;
			buildActionMask = 2147483647;
			files = (
				191D82922AAC864400EF2672 /* CodeScanner in Frameworks */,
			);
			runOnlyForDeploymentPostprocessing = 0;
		};
/* End PBXFrameworksBuildPhase section */

/* Begin PBXGroup section */
		191D826F2AAC5EE700EF2672 = {
			isa = PBXGroup;
			children = (
				191D827A2AAC5EE700EF2672 /* MyBookBarcodeReader */,
				191D82792AAC5EE700EF2672 /* Products */,
			);
			sourceTree = "<group>";
		};
		191D82792AAC5EE700EF2672 /* Products */ = {
			isa = PBXGroup;
			children = (
				191D82782AAC5EE700EF2672 /* MyBookBarcodeReader.app */,
			);
			name = Products;
			sourceTree = "<group>";
		};
		191D827A2AAC5EE700EF2672 /* MyBookBarcodeReader */ = {
			isa = PBXGroup;
			children = (
				19343DB92AAC9C66000E41F2 /* Views */,
				19343DB82AAC9C16000E41F2 /* Model */,
				191D827B2AAC5EE700EF2672 /* MyBookBarcodeReaderApp.swift */,
				191D827D2AAC5EE700EF2672 /* ContentView.swift */,
				191D827F2AAC5EE800EF2672 /* Assets.xcassets */,
				191D82812AAC5EE800EF2672 /* Preview Content */,
			);
			path = MyBookBarcodeReader;
			sourceTree = "<group>";
		};
		191D82812AAC5EE800EF2672 /* Preview Content */ = {
			isa = PBXGroup;
			children = (
				191D82822AAC5EE800EF2672 /* Preview Assets.xcassets */,
			);
			path = "Preview Content";
			sourceTree = "<group>";
		};
		19343DB82AAC9C16000E41F2 /* Model */ = {
			isa = PBXGroup;
			children = (
				1908E67A2AACB52B0024B464 /* ModelData.swift */,
				19343DB62AAC9B34000E41F2 /* BookBarcode.swift */,
				19B8C63D2AB1CA16008FD688 /* BookBarcodeStore.swift */,
			);
			path = Model;
			sourceTree = "<group>";
		};
		19343DB92AAC9C66000E41F2 /* Views */ = {
			isa = PBXGroup;
			children = (
				19343DBA2AAC9C83000E41F2 /* BookBarcodeRow.swift */,
				1908E6762AACA46F0024B464 /* BookBarcodeList.swift */,
			);
			path = Views;
			sourceTree = "<group>";
		};
/* End PBXGroup section */

/* Begin PBXNativeTarget section */
		191D82772AAC5EE700EF2672 /* MyBookBarcodeReader */ = {
			isa = PBXNativeTarget;
			buildConfigurationList = 191D82862AAC5EE800EF2672 /* Build configuration list for PBXNativeTarget "MyBookBarcodeReader" */;
			buildPhases = (
				191D82742AAC5EE700EF2672 /* Sources */,
				191D82752AAC5EE700EF2672 /* Frameworks */,
				191D82762AAC5EE700EF2672 /* Resources */,
			);
			buildRules = (
			);
			dependencies = (
			);
			name = MyBookBarcodeReader;
			packageProductDependencies = (
				191D82912AAC864400EF2672 /* CodeScanner */,
			);
			productName = MyBookBarcodeReader;
			productReference = 191D82782AAC5EE700EF2672 /* MyBookBarcodeReader.app */;
			productType = "com.apple.product-type.application";
		};
/* End PBXNativeTarget section */

/* Begin PBXProject section */
		191D82702AAC5EE700EF2672 /* Project object */ = {
			isa = PBXProject;
			attributes = {
				BuildIndependentTargetsInParallel = 1;
				LastSwiftUpdateCheck = 1430;
				LastUpgradeCheck = 1430;
				TargetAttributes = {
					191D82772AAC5EE700EF2672 = {
						CreatedOnToolsVersion = 14.3.1;
					};
				};
			};
			buildConfigurationList = 191D82732AAC5EE700EF2672 /* Build configuration list for PBXProject "MyBookBarcodeReader" */;
			compatibilityVersion = "Xcode 14.0";
			developmentRegion = en;
			hasScannedForEncodings = 0;
			knownRegions = (
				en,
				Base,
			);
			mainGroup = 191D826F2AAC5EE700EF2672;
			packageReferences = (
				191D82902AAC864400EF2672 /* XCRemoteSwiftPackageReference "CodeScanner" */,
			);
			productRefGroup = 191D82792AAC5EE700EF2672 /* Products */;
			projectDirPath = "";
			projectRoot = "";
			targets = (
				191D82772AAC5EE700EF2672 /* MyBookBarcodeReader */,
			);
		};
/* End PBXProject section */

/* Begin PBXResourcesBuildPhase section */
		191D82762AAC5EE700EF2672 /* Resources */ = {
			isa = PBXResourcesBuildPhase;
			buildActionMask = 2147483647;
			files = (
				191D82832AAC5EE800EF2672 /* Preview Assets.xcassets in Resources */,
				191D82802AAC5EE800EF2672 /* Assets.xcassets in Resources */,
			);
			runOnlyForDeploymentPostprocessing = 0;
		};
/* End PBXResourcesBuildPhase section */

/* Begin PBXSourcesBuildPhase section */
		191D82742AAC5EE700EF2672 /* Sources */ = {
			isa = PBXSourcesBuildPhase;
			buildActionMask = 2147483647;
			files = (
				191D827E2AAC5EE700EF2672 /* ContentView.swift in Sources */,
				19343DBB2AAC9C83000E41F2 /* BookBarcodeRow.swift in Sources */,
				19B8C63E2AB1CA16008FD688 /* BookBarcodeStore.swift in Sources */,
				1908E6772AACA46F0024B464 /* BookBarcodeList.swift in Sources */,
				191D827C2AAC5EE700EF2672 /* MyBookBarcodeReaderApp.swift in Sources */,
				19343DB72AAC9B34000E41F2 /* BookBarcode.swift in Sources */,
				1908E67B2AACB52B0024B464 /* ModelData.swift in Sources */,
			);
			runOnlyForDeploymentPostprocessing = 0;
		};
/* End PBXSourcesBuildPhase section */

/* Begin XCBuildConfiguration section */
		191D82842AAC5EE800EF2672 /* Debug */ = {
			isa = XCBuildConfiguration;
			buildSettings = {
				ALWAYS_SEARCH_USER_PATHS = NO;
				CLANG_ANALYZER_NONNULL = YES;
				CLANG_ANALYZER_NUMBER_OBJECT_CONVERSION = YES_AGGRESSIVE;
				CLANG_CXX_LANGUAGE_STANDARD = "gnu++20";
				CLANG_ENABLE_MODULES = YES;
				CLANG_ENABLE_OBJC_ARC = YES;
				CLANG_ENABLE_OBJC_WEAK = YES;
				CLANG_WARN_BLOCK_CAPTURE_AUTORELEASING = YES;
				CLANG_WARN_BOOL_CONVERSION = YES;
				CLANG_WARN_COMMA = YES;
				CLANG_WARN_CONSTANT_CONVERSION = YES;
				CLANG_WARN_DEPRECATED_OBJC_IMPLEMENTATIONS = YES;
				CLANG_WARN_DIRECT_OBJC_ISA_USAGE = YES_ERROR;
				CLANG_WARN_DOCUMENTATION_COMMENTS = YES;
				CLANG_WARN_EMPTY_BODY = YES;
				CLANG_WARN_ENUM_CONVERSION = YES;
				CLANG_WARN_INFINITE_RECURSION = YES;
				CLANG_WARN_INT_CONVERSION = YES;
				CLANG_WARN_NON_LITERAL_NULL_CONVERSION = YES;
				CLANG_WARN_OBJC_IMPLICIT_RETAIN_SELF = YES;
				CLANG_WARN_OBJC_LITERAL_CONVERSION = YES;
				CLANG_WARN_OBJC_ROOT_CLASS = YES_ERROR;
				CLANG_WARN_QUOTED_INCLUDE_IN_FRAMEWORK_HEADER = YES;
				CLANG_WARN_RANGE_LOOP_ANALYSIS = YES;
				CLANG_WARN_STRICT_PROTOTYPES = YES;
				CLANG_WARN_SUSPICIOUS_MOVE = YES;
				CLANG_WARN_UNGUARDED_AVAILABILITY = YES_AGGRESSIVE;
				CLANG_WARN_UNREACHABLE_CODE = YES;
				CLANG_WARN__DUPLICATE_METHOD_MATCH = YES;
				COPY_PHASE_STRIP = NO;
				DEBUG_INFORMATION_FORMAT = dwarf;
				ENABLE_STRICT_OBJC_MSGSEND = YES;
				ENABLE_TESTABILITY = YES;
				GCC_C_LANGUAGE_STANDARD = gnu11;
				GCC_DYNAMIC_NO_PIC = NO;
				GCC_NO_COMMON_BLOCKS = YES;
				GCC_OPTIMIZATION_LEVEL = 0;
				GCC_PREPROCESSOR_DEFINITIONS = (
					"DEBUG=1",
					"$(inherited)",
				);
				GCC_WARN_64_TO_32_BIT_CONVERSION = YES;
				GCC_WARN_ABOUT_RETURN_TYPE = YES_ERROR;
				GCC_WARN_UNDECLARED_SELECTOR = YES;
				GCC_WARN_UNINITIALIZED_AUTOS = YES_AGGRESSIVE;
				GCC_WARN_UNUSED_FUNCTION = YES;
				GCC_WARN_UNUSED_VARIABLE = YES;
				IPHONEOS_DEPLOYMENT_TARGET = 15.5;
				MTL_ENABLE_DEBUG_INFO = INCLUDE_SOURCE;
				MTL_FAST_MATH = YES;
				ONLY_ACTIVE_ARCH = YES;
				SDKROOT = iphoneos;
				SWIFT_ACTIVE_COMPILATION_CONDITIONS = DEBUG;
				SWIFT_OPTIMIZATION_LEVEL = "-Onone";
			};
			name = Debug;
		};
		191D82852AAC5EE800EF2672 /* Release */ = {
			isa = XCBuildConfiguration;
			buildSettings = {
				ALWAYS_SEARCH_USER_PATHS = NO;
				CLANG_ANALYZER_NONNULL = YES;
				CLANG_ANALYZER_NUMBER_OBJECT_CONVERSION = YES_AGGRESSIVE;
				CLANG_CXX_LANGUAGE_STANDARD = "gnu++20";
				CLANG_ENABLE_MODULES = YES;
				CLANG_ENABLE_OBJC_ARC = YES;
				CLANG_ENABLE_OBJC_WEAK = YES;
				CLANG_WARN_BLOCK_CAPTURE_AUTORELEASING = YES;
				CLANG_WARN_BOOL_CONVERSION = YES;
				CLANG_WARN_COMMA = YES;
				CLANG_WARN_CONSTANT_CONVERSION = YES;
				CLANG_WARN_DEPRECATED_OBJC_IMPLEMENTATIONS = YES;
				CLANG_WARN_DIRECT_OBJC_ISA_USAGE = YES_ERROR;
				CLANG_WARN_DOCUMENTATION_COMMENTS = YES;
				CLANG_WARN_EMPTY_BODY = YES;
				CLANG_WARN_ENUM_CONVERSION = YES;
				CLANG_WARN_INFINITE_RECURSION = YES;
				CLANG_WARN_INT_CONVERSION = YES;
				CLANG_WARN_NON_LITERAL_NULL_CONVERSION = YES;
				CLANG_WARN_OBJC_IMPLICIT_RETAIN_SELF = YES;
				CLANG_WARN_OBJC_LITERAL_CONVERSION = YES;
				CLANG_WARN_OBJC_ROOT_CLASS = YES_ERROR;
				CLANG_WARN_QUOTED_INCLUDE_IN_FRAMEWORK_HEADER = YES;
				CLANG_WARN_RANGE_LOOP_ANALYSIS = YES;
				CLANG_WARN_STRICT_PROTOTYPES = YES;
				CLANG_WARN_SUSPICIOUS_MOVE = YES;
				CLANG_WARN_UNGUARDED_AVAILABILITY = YES_AGGRESSIVE;
				CLANG_WARN_UNREACHABLE_CODE = YES;
				CLANG_WARN__DUPLICATE_METHOD_MATCH = YES;
				COPY_PHASE_STRIP = NO;
				DEBUG_INFORMATION_FORMAT = "dwarf-with-dsym";
				ENABLE_NS_ASSERTIONS = NO;
				ENABLE_STRICT_OBJC_MSGSEND = YES;
				GCC_C_LANGUAGE_STANDARD = gnu11;
				GCC_NO_COMMON_BLOCKS = YES;
				GCC_WARN_64_TO_32_BIT_CONVERSION = YES;
				GCC_WARN_ABOUT_RETURN_TYPE = YES_ERROR;
				GCC_WARN_UNDECLARED_SELECTOR = YES;
				GCC_WARN_UNINITIALIZED_AUTOS = YES_AGGRESSIVE;
				GCC_WARN_UNUSED_FUNCTION = YES;
				GCC_WARN_UNUSED_VARIABLE = YES;
				IPHONEOS_DEPLOYMENT_TARGET = 15.5;
				MTL_ENABLE_DEBUG_INFO = NO;
				MTL_FAST_MATH = YES;
				SDKROOT = iphoneos;
				SWIFT_COMPILATION_MODE = wholemodule;
				SWIFT_OPTIMIZATION_LEVEL = "-O";
				VALIDATE_PRODUCT = YES;
			};
			name = Release;
		};
		191D82872AAC5EE800EF2672 /* Debug */ = {
			isa = XCBuildConfiguration;
			buildSettings = {
				ASSETCATALOG_COMPILER_APPICON_NAME = AppIcon;
				ASSETCATALOG_COMPILER_GLOBAL_ACCENT_COLOR_NAME = AccentColor;
				ASSETCATALOG_COMPILER_INCLUDE_ALL_APPICON_ASSETS = NO;
				CODE_SIGN_STYLE = Automatic;
				CURRENT_PROJECT_VERSION = 1;
				DEVELOPMENT_ASSET_PATHS = "\"MyBookBarcodeReader/Preview Content\"";
				DEVELOPMENT_TEAM = U4VQSUEZ57;
				ENABLE_PREVIEWS = YES;
				GENERATE_INFOPLIST_FILE = YES;
				INFOPLIST_KEY_CFBundleDisplayName = "Barcode Scanner";
				INFOPLIST_KEY_LSApplicationCategoryType = "public.app-category.utilities";
				INFOPLIST_KEY_NSCameraUsageDescription = "Your camera is used to scan barcode.";
				INFOPLIST_KEY_UIApplicationSceneManifest_Generation = YES;
				INFOPLIST_KEY_UIApplicationSupportsIndirectInputEvents = YES;
				INFOPLIST_KEY_UILaunchScreen_Generation = YES;
				INFOPLIST_KEY_UISupportedInterfaceOrientations = UIInterfaceOrientationPortrait;
				INFOPLIST_KEY_UIUserInterfaceStyle = Light;
				IPHONEOS_DEPLOYMENT_TARGET = 15.5;
				LD_RUNPATH_SEARCH_PATHS = (
					"$(inherited)",
					"@executable_path/Frameworks",
				);
				MARKETING_VERSION = 1.0;
				PRODUCT_BUNDLE_IDENTIFIER = dev.guoyong.MyBookBarcodeReader;
				PRODUCT_NAME = "$(TARGET_NAME)";
				SUPPORTED_PLATFORMS = "iphoneos iphonesimulator";
				SUPPORTS_MACCATALYST = NO;
				SUPPORTS_MAC_DESIGNED_FOR_IPHONE_IPAD = NO;
				SWIFT_EMIT_LOC_STRINGS = YES;
				SWIFT_VERSION = 5.0;
				TARGETED_DEVICE_FAMILY = 1;
			};
			name = Debug;
		};
		191D82882AAC5EE800EF2672 /* Release */ = {
			isa = XCBuildConfiguration;
			buildSettings = {
				ASSETCATALOG_COMPILER_APPICON_NAME = AppIcon;
				ASSETCATALOG_COMPILER_GLOBAL_ACCENT_COLOR_NAME = AccentColor;
				ASSETCATALOG_COMPILER_INCLUDE_ALL_APPICON_ASSETS = NO;
				CODE_SIGN_STYLE = Automatic;
				CURRENT_PROJECT_VERSION = 1;
				DEVELOPMENT_ASSET_PATHS = "\"MyBookBarcodeReader/Preview Content\"";
				DEVELOPMENT_TEAM = U4VQSUEZ57;
				ENABLE_PREVIEWS = YES;
				GENERATE_INFOPLIST_FILE = YES;
				INFOPLIST_KEY_CFBundleDisplayName = "Barcode Scanner";
				INFOPLIST_KEY_LSApplicationCategoryType = "public.app-category.utilities";
				INFOPLIST_KEY_NSCameraUsageDescription = "Your camera is used to scan barcode.";
				INFOPLIST_KEY_UIApplicationSceneManifest_Generation = YES;
				INFOPLIST_KEY_UIApplicationSupportsIndirectInputEvents = YES;
				INFOPLIST_KEY_UILaunchScreen_Generation = YES;
				INFOPLIST_KEY_UISupportedInterfaceOrientations = UIInterfaceOrientationPortrait;
				INFOPLIST_KEY_UIUserInterfaceStyle = Light;
				IPHONEOS_DEPLOYMENT_TARGET = 15.5;
				LD_RUNPATH_SEARCH_PATHS = (
					"$(inherited)",
					"@executable_path/Frameworks",
				);
				MARKETING_VERSION = 1.0;
				PRODUCT_BUNDLE_IDENTIFIER = dev.guoyong.MyBookBarcodeReader;
				PRODUCT_NAME = "$(TARGET_NAME)";
				SUPPORTED_PLATFORMS = "iphoneos iphonesimulator";
				SUPPORTS_MACCATALYST = NO;
				SUPPORTS_MAC_DESIGNED_FOR_IPHONE_IPAD = NO;
				SWIFT_EMIT_LOC_STRINGS = YES;
				SWIFT_VERSION = 5.0;
				TARGETED_DEVICE_FAMILY = 1;
			};
			name = Release;
		};
/* End XCBuildConfiguration section */

/* Begin XCConfigurationList section */
		191D82732AAC5EE700EF2672 /* Build configuration list for PBXProject "MyBookBarcodeReader" */ = {
			isa = XCConfigurationList;
			buildConfigurations = (
				191D82842AAC5EE800EF2672 /* Debug */,
				191D82852AAC5EE800EF2672 /* Release */,
			);
			defaultConfigurationIsVisible = 0;
			defaultConfigurationName = Release;
		};
		191D82862AAC5EE800EF2672 /* Build configuration list for PBXNativeTarget "MyBookBarcodeReader" */ = {
			isa = XCConfigurationList;
			buildConfigurations = (
				191D82872AAC5EE800EF2672 /* Debug */,
				191D82882AAC5EE800EF2672 /* Release */,
			);
			defaultConfigurationIsVisible = 0;
			defaultConfigurationName = Release;
		};
/* End XCConfigurationList section */

/* Begin XCRemoteSwiftPackageReference section */
		191D82902AAC864400EF2672 /* XCRemoteSwiftPackageReference "CodeScanner" */ = {
			isa = XCRemoteSwiftPackageReference;
			repositoryURL = "https://github.com/twostraws/CodeScanner";
			requirement = {
				kind = upToNextMajorVersion;
				minimumVersion = 2.0.0;
			};
		};
/* End XCRemoteSwiftPackageReference section */

/* Begin XCSwiftPackageProductDependency section */
		191D82912AAC864400EF2672 /* CodeScanner */ = {
			isa = XCSwiftPackageProductDependency;
			package = 191D82902AAC864400EF2672 /* XCRemoteSwiftPackageReference "CodeScanner" */;
			productName = CodeScanner;
		};
/* End XCSwiftPackageProductDependency section */
	};
	rootObject = 191D82702AAC5EE700EF2672 /* Project object */;
}
